
Microsoft Visual Studio Solution File, Format Version 12.00
# Visual Studio 15
VisualStudioVersion = 15.0.27703.2000
MinimumVisualStudioVersion = 10.0.40219.1
Project("{FAE04EC0-301F-11D3-BF4B-00C04F79EFBC}") = "CarGoatWebServices", "CarGoatWebServices\CarGoatWebServices.csproj", "{A66C78F9-5E0F-4EB8-9AF8-E6591EF09E92}"
EndProject
Global
	GlobalSection(SolutionConfigurationPlatforms) = preSolution
		Debug|Any CPU = Debug|Any CPU
		Release|Any CPU = Release|Any CPU
	EndGlobalSection
	GlobalSection(ProjectConfigurationPlatforms) = postSolution
		{A66C78F9-5E0F-4EB8-9AF8-E6591EF09E92}.Debug|Any CPU.ActiveCfg = Debug|Any CPU
		{A66C78F9-5E0F-4EB8-9AF8-E6591EF09E92}.Debug|Any CPU.Build.0 = Debug|Any CPU
		{A66C78F9-5E0F-4EB8-9AF8-E6591EF09E92}.Release|Any CPU.ActiveCfg = Release|Any CPU
		{A66C78F9-5E0F-4EB8-9AF8-E6591EF09E92}.Release|Any CPU.Build.0 = Release|Any CPU
	EndGlobalSection
	GlobalSection(SolutionProperties) = preSolution
		HideSolutionNode = FALSE
	EndGlobalSection
	GlobalSection(ExtensibilityGlobals) = postSolution
		SolutionGuid = {F47A2D3B-ABA8-40DE-B8CC-648C5A47BC43}
	EndGlobalSection
EndGlobal
